
Microsoft Visual Studio Solution File, Format Version 12.00
# Visual Studio Version 17
VisualStudioVersion = 17.4.33205.214
MinimumVisualStudioVersion = 10.0.40219.1
Project("{FAE04EC0-301F-11D3-BF4B-00C04F79EFBC}") = "Question 2", "Question 2.csproj", "{C50A60E1-280D-46A3-9D3C-E112A0B90F88}"
EndProject
Global
	GlobalSection(SolutionConfigurationPlatforms) = preSolution
		Debug|Any CPU = Debug|Any CPU
		Release|Any CPU = Release|Any CPU
	EndGlobalSection
	GlobalSection(ProjectConfigurationPlatforms) = postSolution
		{C50A60E1-280D-46A3-9D3C-E112A0B90F88}.Debug|Any CPU.ActiveCfg = Debug|Any CPU
		{C50A60E1-280D-46A3-9D3C-E112A0B90F88}.Debug|Any CPU.Build.0 = Debug|Any CPU
		{C50A60E1-280D-46A3-9D3C-E112A0B90F88}.Release|Any CPU.ActiveCfg = Release|Any CPU
		{C50A60E1-280D-46A3-9D3C-E112A0B90F88}.Release|Any CPU.Build.0 = Release|Any CPU
	EndGlobalSection
	GlobalSection(SolutionProperties) = preSolution
		HideSolutionNode = FALSE
	EndGlobalSection
	GlobalSection(ExtensibilityGlobals) = postSolution
		SolutionGuid = {EC9DCE70-8489-4305-90CE-F24C1D98A4F5}
	EndGlobalSection
EndGlobal
