
Microsoft Visual Studio Solution File, Format Version 12.00
# Visual Studio Version 17
VisualStudioVersion = 17.4.33205.214
MinimumVisualStudioVersion = 10.0.40219.1
Project("{FAE04EC0-301F-11D3-BF4B-00C04F79EFBC}") = "lab4", "lab4.csproj", "{B084E9CA-376B-4EF4-AB9C-AA5554B5A9CA}"
EndProject
Project("{FAE04EC0-301F-11D3-BF4B-00C04F79EFBC}") = "Lab4.1", "..\Lab4.1\Lab4.1.csproj", "{D9A3039A-2D43-436B-A517-CBD5490B9339}"
EndProject
Project("{FAE04EC0-301F-11D3-BF4B-00C04F79EFBC}") = "Lab4.2", "..\Lab4.2\Lab4.2.csproj", "{9545EF59-F0E1-4EBF-B258-459EDA996184}"
EndProject
Global
	GlobalSection(SolutionConfigurationPlatforms) = preSolution
		Debug|Any CPU = Debug|Any CPU
		Release|Any CPU = Release|Any CPU
	EndGlobalSection
	GlobalSection(ProjectConfigurationPlatforms) = postSolution
		{B084E9CA-376B-4EF4-AB9C-AA5554B5A9CA}.Debug|Any CPU.ActiveCfg = Debug|Any CPU
		{B084E9CA-376B-4EF4-AB9C-AA5554B5A9CA}.Debug|Any CPU.Build.0 = Debug|Any CPU
		{B084E9CA-376B-4EF4-AB9C-AA5554B5A9CA}.Release|Any CPU.ActiveCfg = Release|Any CPU
		{B084E9CA-376B-4EF4-AB9C-AA5554B5A9CA}.Release|Any CPU.Build.0 = Release|Any CPU
		{D9A3039A-2D43-436B-A517-CBD5490B9339}.Debug|Any CPU.ActiveCfg = Debug|Any CPU
		{D9A3039A-2D43-436B-A517-CBD5490B9339}.Debug|Any CPU.Build.0 = Debug|Any CPU
		{D9A3039A-2D43-436B-A517-CBD5490B9339}.Release|Any CPU.ActiveCfg = Release|Any CPU
		{D9A3039A-2D43-436B-A517-CBD5490B9339}.Release|Any CPU.Build.0 = Release|Any CPU
		{9545EF59-F0E1-4EBF-B258-459EDA996184}.Debug|Any CPU.ActiveCfg = Debug|Any CPU
		{9545EF59-F0E1-4EBF-B258-459EDA996184}.Debug|Any CPU.Build.0 = Debug|Any CPU
		{9545EF59-F0E1-4EBF-B258-459EDA996184}.Release|Any CPU.ActiveCfg = Release|Any CPU
		{9545EF59-F0E1-4EBF-B258-459EDA996184}.Release|Any CPU.Build.0 = Release|Any CPU
	EndGlobalSection
	GlobalSection(SolutionProperties) = preSolution
		HideSolutionNode = FALSE
	EndGlobalSection
	GlobalSection(ExtensibilityGlobals) = postSolution
		SolutionGuid = {090FC1F3-641A-473C-9018-B53B9CAAAF43}
	EndGlobalSection
EndGlobal
