
Microsoft Visual Studio Solution File, Format Version 12.00
# Visual Studio Version 17
VisualStudioVersion = 17.4.33205.214
MinimumVisualStudioVersion = 10.0.40219.1
Project("{FAE04EC0-301F-11D3-BF4B-00C04F79EFBC}") = "Question 1", "Question 1.csproj", "{1A72D584-4C64-484E-B95B-837D67C954A4}"
EndProject
Project("{FAE04EC0-301F-11D3-BF4B-00C04F79EFBC}") = "Question 2", "..\Question 2\Question 2.csproj", "{842310D6-B28A-46F1-9B64-30D16BD02848}"
EndProject
Global
	GlobalSection(SolutionConfigurationPlatforms) = preSolution
		Debug|Any CPU = Debug|Any CPU
		Release|Any CPU = Release|Any CPU
	EndGlobalSection
	GlobalSection(ProjectConfigurationPlatforms) = postSolution
		{1A72D584-4C64-484E-B95B-837D67C954A4}.Debug|Any CPU.ActiveCfg = Debug|Any CPU
		{1A72D584-4C64-484E-B95B-837D67C954A4}.Debug|Any CPU.Build.0 = Debug|Any CPU
		{1A72D584-4C64-484E-B95B-837D67C954A4}.Release|Any CPU.ActiveCfg = Release|Any CPU
		{1A72D584-4C64-484E-B95B-837D67C954A4}.Release|Any CPU.Build.0 = Release|Any CPU
		{842310D6-B28A-46F1-9B64-30D16BD02848}.Debug|Any CPU.ActiveCfg = Debug|Any CPU
		{842310D6-B28A-46F1-9B64-30D16BD02848}.Debug|Any CPU.Build.0 = Debug|Any CPU
		{842310D6-B28A-46F1-9B64-30D16BD02848}.Release|Any CPU.ActiveCfg = Release|Any CPU
		{842310D6-B28A-46F1-9B64-30D16BD02848}.Release|Any CPU.Build.0 = Release|Any CPU
	EndGlobalSection
	GlobalSection(SolutionProperties) = preSolution
		HideSolutionNode = FALSE
	EndGlobalSection
	GlobalSection(ExtensibilityGlobals) = postSolution
		SolutionGuid = {5983B208-62D5-495F-AF54-C6A8A50ED5F1}
	EndGlobalSection
EndGlobal
